<?xml version="1.0" encoding="UTF-8" standalone="yes" ?>
<CodeBlocks_project_file>
   <FileVersion major="1" minor="6" />
   <Project>
      <Option title="Box2D" />
      <Option makefile_is_custom="1" />
      <Option compiler="gcc" />
      <Option virtualFolders="CMake Files\;CMake Files\Box2D\;CMake Files\HelloWorld\;CMake Files\glew\;CMake Files\glfw\;CMake Files\Testbed\;" />
      <Build>
      <Target title="all">
         <Option working_dir="E:/libs/Box2D-master/build-Box2D-Desktop_Qt_5_6_0_MinGW_32bit-Default" />
         <Option type="4" />
         <MakeCommands>
            <Build command="D:/Qt/Qt5.6.0/Tools/mingw492_32/bin/mingw32-make.exe -f &quot;E:/libs/Box2D-master/build-Box2D-Desktop_Qt_5_6_0_MinGW_32bit-Default/Makefile&quot;  VERBOSE=1 all" />
            <CompileFile command="D:/Qt/Qt5.6.0/Tools/mingw492_32/bin/mingw32-make.exe -f &quot;E:/libs/Box2D-master/build-Box2D-Desktop_Qt_5_6_0_MinGW_32bit-Default/Makefile&quot;  VERBOSE=1 &quot;$file&quot;" />
            <Clean command="D:/Qt/Qt5.6.0/Tools/mingw492_32/bin/mingw32-make.exe -f &quot;E:/libs/Box2D-master/build-Box2D-Desktop_Qt_5_6_0_MinGW_32bit-Default/Makefile&quot;  VERBOSE=1 clean" />
            <DistClean command="D:/Qt/Qt5.6.0/Tools/mingw492_32/bin/mingw32-make.exe -f &quot;E:/libs/Box2D-master/build-Box2D-Desktop_Qt_5_6_0_MinGW_32bit-Default/Makefile&quot;  VERBOSE=1 clean" />
         </MakeCommands>
      </Target>
      <Target title="edit_cache">
         <Option working_dir="E:/libs/Box2D-master/build-Box2D-Desktop_Qt_5_6_0_MinGW_32bit-Default" />
         <Option type="4" />
         <MakeCommands>
            <Build command="D:/Qt/Qt5.6.0/Tools/mingw492_32/bin/mingw32-make.exe -f &quot;E:/libs/Box2D-master/build-Box2D-Desktop_Qt_5_6_0_MinGW_32bit-Default/Makefile&quot;  VERBOSE=1 edit_cache" />
            <CompileFile command="D:/Qt/Qt5.6.0/Tools/mingw492_32/bin/mingw32-make.exe -f &quot;E:/libs/Box2D-master/build-Box2D-Desktop_Qt_5_6_0_MinGW_32bit-Default/Makefile&quot;  VERBOSE=1 &quot;$file&quot;" />
            <Clean command="D:/Qt/Qt5.6.0/Tools/mingw492_32/bin/mingw32-make.exe -f &quot;E:/libs/Box2D-master/build-Box2D-Desktop_Qt_5_6_0_MinGW_32bit-Default/Makefile&quot;  VERBOSE=1 clean" />
            <DistClean command="D:/Qt/Qt5.6.0/Tools/mingw492_32/bin/mingw32-make.exe -f &quot;E:/libs/Box2D-master/build-Box2D-Desktop_Qt_5_6_0_MinGW_32bit-Default/Makefile&quot;  VERBOSE=1 clean" />
         </MakeCommands>
      </Target>
      <Target title="rebuild_cache">
         <Option working_dir="E:/libs/Box2D-master/build-Box2D-Desktop_Qt_5_6_0_MinGW_32bit-Default" />
         <Option type="4" />
         <MakeCommands>
            <Build command="D:/Qt/Qt5.6.0/Tools/mingw492_32/bin/mingw32-make.exe -f &quot;E:/libs/Box2D-master/build-Box2D-Desktop_Qt_5_6_0_MinGW_32bit-Default/Makefile&quot;  VERBOSE=1 rebuild_cache" />
            <CompileFile command="D:/Qt/Qt5.6.0/Tools/mingw492_32/bin/mingw32-make.exe -f &quot;E:/libs/Box2D-master/build-Box2D-Desktop_Qt_5_6_0_MinGW_32bit-Default/Makefile&quot;  VERBOSE=1 &quot;$file&quot;" />
            <Clean command="D:/Qt/Qt5.6.0/Tools/mingw492_32/bin/mingw32-make.exe -f &quot;E:/libs/Box2D-master/build-Box2D-Desktop_Qt_5_6_0_MinGW_32bit-Default/Makefile&quot;  VERBOSE=1 clean" />
            <DistClean command="D:/Qt/Qt5.6.0/Tools/mingw492_32/bin/mingw32-make.exe -f &quot;E:/libs/Box2D-master/build-Box2D-Desktop_Qt_5_6_0_MinGW_32bit-Default/Makefile&quot;  VERBOSE=1 clean" />
         </MakeCommands>
      </Target>
      <Target title="Box2D">
         <Option output="E:/libs/Box2D-master/build-Box2D-Desktop_Qt_5_6_0_MinGW_32bit-Default/Box2D/libBox2D.a" prefix_auto="0" extension_auto="0" />
         <Option working_dir="E:/libs/Box2D-master/build-Box2D-Desktop_Qt_5_6_0_MinGW_32bit-Default/Box2D" />
         <Option object_output="./" />
         <Option type="2" />
         <Option compiler="gcc" />
         <Compiler>
            <Add directory="D:/Qt/Qt5.6.0/Tools/mingw492_32/bin/../lib/gcc/i686-w64-mingw32/4.9.2/../../../../i686-w64-mingw32/include" />
            <Add directory="D:/Qt/Qt5.6.0/Tools/mingw492_32/bin/../lib/gcc/i686-w64-mingw32/4.9.2/include" />
            <Add directory="D:/Qt/Qt5.6.0/Tools/mingw492_32/bin/../lib/gcc/i686-w64-mingw32/4.9.2/include-fixed" />
            <Add directory="D:/Qt/Qt5.6.0/Tools/mingw492_32/lib/gcc/../../i686-w64-mingw32/include/c++" />
            <Add directory="D:/Qt/Qt5.6.0/Tools/mingw492_32/lib/gcc/../../i686-w64-mingw32/include/c++/backward" />
            <Add directory="D:/Qt/Qt5.6.0/Tools/mingw492_32/lib/gcc/../../i686-w64-mingw32/include/c++/i686-w64-mingw32" />
            <Add directory="E:/libs/Box2D-master/Box2D/Box2D/.." />
         </Compiler>
         <MakeCommands>
            <Build command="D:/Qt/Qt5.6.0/Tools/mingw492_32/bin/mingw32-make.exe -f &quot;E:/libs/Box2D-master/build-Box2D-Desktop_Qt_5_6_0_MinGW_32bit-Default/Box2D/Makefile&quot;  VERBOSE=1 Box2D" />
            <CompileFile command="D:/Qt/Qt5.6.0/Tools/mingw492_32/bin/mingw32-make.exe -f &quot;E:/libs/Box2D-master/build-Box2D-Desktop_Qt_5_6_0_MinGW_32bit-Default/Box2D/Makefile&quot;  VERBOSE=1 &quot;$file&quot;" />
            <Clean command="D:/Qt/Qt5.6.0/Tools/mingw492_32/bin/mingw32-make.exe -f &quot;E:/libs/Box2D-master/build-Box2D-Desktop_Qt_5_6_0_MinGW_32bit-Default/Box2D/Makefile&quot;  VERBOSE=1 clean" />
            <DistClean command="D:/Qt/Qt5.6.0/Tools/mingw492_32/bin/mingw32-make.exe -f &quot;E:/libs/Box2D-master/build-Box2D-Desktop_Qt_5_6_0_MinGW_32bit-Default/Box2D/Makefile&quot;  VERBOSE=1 clean" />
         </MakeCommands>
      </Target>
      <Target title="Box2D/fast">
         <Option output="E:/libs/Box2D-master/build-Box2D-Desktop_Qt_5_6_0_MinGW_32bit-Default/Box2D/libBox2D.a" prefix_auto="0" extension_auto="0" />
         <Option working_dir="E:/libs/Box2D-master/build-Box2D-Desktop_Qt_5_6_0_MinGW_32bit-Default/Box2D" />
         <Option object_output="./" />
         <Option type="2" />
         <Option compiler="gcc" />
         <Compiler>
            <Add directory="D:/Qt/Qt5.6.0/Tools/mingw492_32/bin/../lib/gcc/i686-w64-mingw32/4.9.2/../../../../i686-w64-mingw32/include" />
            <Add directory="D:/Qt/Qt5.6.0/Tools/mingw492_32/bin/../lib/gcc/i686-w64-mingw32/4.9.2/include" />
            <Add directory="D:/Qt/Qt5.6.0/Tools/mingw492_32/bin/../lib/gcc/i686-w64-mingw32/4.9.2/include-fixed" />
            <Add directory="D:/Qt/Qt5.6.0/Tools/mingw492_32/lib/gcc/../../i686-w64-mingw32/include/c++" />
            <Add directory="D:/Qt/Qt5.6.0/Tools/mingw492_32/lib/gcc/../../i686-w64-mingw32/include/c++/backward" />
            <Add directory="D:/Qt/Qt5.6.0/Tools/mingw492_32/lib/gcc/../../i686-w64-mingw32/include/c++/i686-w64-mingw32" />
            <Add directory="E:/libs/Box2D-master/Box2D/Box2D/.." />
         </Compiler>
         <MakeCommands>
            <Build command="D:/Qt/Qt5.6.0/Tools/mingw492_32/bin/mingw32-make.exe -f &quot;E:/libs/Box2D-master/build-Box2D-Desktop_Qt_5_6_0_MinGW_32bit-Default/Box2D/Makefile&quot;  VERBOSE=1 Box2D/fast" />
            <CompileFile command="D:/Qt/Qt5.6.0/Tools/mingw492_32/bin/mingw32-make.exe -f &quot;E:/libs/Box2D-master/build-Box2D-Desktop_Qt_5_6_0_MinGW_32bit-Default/Box2D/Makefile&quot;  VERBOSE=1 &quot;$file&quot;" />
            <Clean command="D:/Qt/Qt5.6.0/Tools/mingw492_32/bin/mingw32-make.exe -f &quot;E:/libs/Box2D-master/build-Box2D-Desktop_Qt_5_6_0_MinGW_32bit-Default/Box2D/Makefile&quot;  VERBOSE=1 clean" />
            <DistClean command="D:/Qt/Qt5.6.0/Tools/mingw492_32/bin/mingw32-make.exe -f &quot;E:/libs/Box2D-master/build-Box2D-Desktop_Qt_5_6_0_MinGW_32bit-Default/Box2D/Makefile&quot;  VERBOSE=1 clean" />
         </MakeCommands>
      </Target>
      <Target title="HelloWorld">
         <Option output="E:/libs/Box2D-master/build-Box2D-Desktop_Qt_5_6_0_MinGW_32bit-Default/HelloWorld/HelloWorld.exe" prefix_auto="0" extension_auto="0" />
         <Option working_dir="E:/libs/Box2D-master/build-Box2D-Desktop_Qt_5_6_0_MinGW_32bit-Default/HelloWorld" />
         <Option object_output="./" />
         <Option type="1" />
         <Option compiler="gcc" />
         <Compiler>
            <Add directory="D:/Qt/Qt5.6.0/Tools/mingw492_32/bin/../lib/gcc/i686-w64-mingw32/4.9.2/../../../../i686-w64-mingw32/include" />
            <Add directory="D:/Qt/Qt5.6.0/Tools/mingw492_32/bin/../lib/gcc/i686-w64-mingw32/4.9.2/include" />
            <Add directory="D:/Qt/Qt5.6.0/Tools/mingw492_32/bin/../lib/gcc/i686-w64-mingw32/4.9.2/include-fixed" />
            <Add directory="D:/Qt/Qt5.6.0/Tools/mingw492_32/lib/gcc/../../i686-w64-mingw32/include/c++" />
            <Add directory="D:/Qt/Qt5.6.0/Tools/mingw492_32/lib/gcc/../../i686-w64-mingw32/include/c++/backward" />
            <Add directory="D:/Qt/Qt5.6.0/Tools/mingw492_32/lib/gcc/../../i686-w64-mingw32/include/c++/i686-w64-mingw32" />
            <Add directory="E:/libs/Box2D-master/Box2D" />
         </Compiler>
         <MakeCommands>
            <Build command="D:/Qt/Qt5.6.0/Tools/mingw492_32/bin/mingw32-make.exe -f &quot;E:/libs/Box2D-master/build-Box2D-Desktop_Qt_5_6_0_MinGW_32bit-Default/HelloWorld/Makefile&quot;  VERBOSE=1 HelloWorld" />
            <CompileFile command="D:/Qt/Qt5.6.0/Tools/mingw492_32/bin/mingw32-make.exe -f &quot;E:/libs/Box2D-master/build-Box2D-Desktop_Qt_5_6_0_MinGW_32bit-Default/HelloWorld/Makefile&quot;  VERBOSE=1 &quot;$file&quot;" />
            <Clean command="D:/Qt/Qt5.6.0/Tools/mingw492_32/bin/mingw32-make.exe -f &quot;E:/libs/Box2D-master/build-Box2D-Desktop_Qt_5_6_0_MinGW_32bit-Default/HelloWorld/Makefile&quot;  VERBOSE=1 clean" />
            <DistClean command="D:/Qt/Qt5.6.0/Tools/mingw492_32/bin/mingw32-make.exe -f &quot;E:/libs/Box2D-master/build-Box2D-Desktop_Qt_5_6_0_MinGW_32bit-Default/HelloWorld/Makefile&quot;  VERBOSE=1 clean" />
         </MakeCommands>
      </Target>
      <Target title="HelloWorld/fast">
         <Option output="E:/libs/Box2D-master/build-Box2D-Desktop_Qt_5_6_0_MinGW_32bit-Default/HelloWorld/HelloWorld.exe" prefix_auto="0" extension_auto="0" />
         <Option working_dir="E:/libs/Box2D-master/build-Box2D-Desktop_Qt_5_6_0_MinGW_32bit-Default/HelloWorld" />
         <Option object_output="./" />
         <Option type="1" />
         <Option compiler="gcc" />
         <Compiler>
            <Add directory="D:/Qt/Qt5.6.0/Tools/mingw492_32/bin/../lib/gcc/i686-w64-mingw32/4.9.2/../../../../i686-w64-mingw32/include" />
            <Add directory="D:/Qt/Qt5.6.0/Tools/mingw492_32/bin/../lib/gcc/i686-w64-mingw32/4.9.2/include" />
            <Add directory="D:/Qt/Qt5.6.0/Tools/mingw492_32/bin/../lib/gcc/i686-w64-mingw32/4.9.2/include-fixed" />
            <Add directory="D:/Qt/Qt5.6.0/Tools/mingw492_32/lib/gcc/../../i686-w64-mingw32/include/c++" />
            <Add directory="D:/Qt/Qt5.6.0/Tools/mingw492_32/lib/gcc/../../i686-w64-mingw32/include/c++/backward" />
            <Add directory="D:/Qt/Qt5.6.0/Tools/mingw492_32/lib/gcc/../../i686-w64-mingw32/include/c++/i686-w64-mingw32" />
            <Add directory="E:/libs/Box2D-master/Box2D" />
         </Compiler>
         <MakeCommands>
            <Build command="D:/Qt/Qt5.6.0/Tools/mingw492_32/bin/mingw32-make.exe -f &quot;E:/libs/Box2D-master/build-Box2D-Desktop_Qt_5_6_0_MinGW_32bit-Default/HelloWorld/Makefile&quot;  VERBOSE=1 HelloWorld/fast" />
            <CompileFile command="D:/Qt/Qt5.6.0/Tools/mingw492_32/bin/mingw32-make.exe -f &quot;E:/libs/Box2D-master/build-Box2D-Desktop_Qt_5_6_0_MinGW_32bit-Default/HelloWorld/Makefile&quot;  VERBOSE=1 &quot;$file&quot;" />
            <Clean command="D:/Qt/Qt5.6.0/Tools/mingw492_32/bin/mingw32-make.exe -f &quot;E:/libs/Box2D-master/build-Box2D-Desktop_Qt_5_6_0_MinGW_32bit-Default/HelloWorld/Makefile&quot;  VERBOSE=1 clean" />
            <DistClean command="D:/Qt/Qt5.6.0/Tools/mingw492_32/bin/mingw32-make.exe -f &quot;E:/libs/Box2D-master/build-Box2D-Desktop_Qt_5_6_0_MinGW_32bit-Default/HelloWorld/Makefile&quot;  VERBOSE=1 clean" />
         </MakeCommands>
      </Target>
      <Target title="glew">
         <Option output="E:/libs/Box2D-master/build-Box2D-Desktop_Qt_5_6_0_MinGW_32bit-Default/glew/libglew.a" prefix_auto="0" extension_auto="0" />
         <Option working_dir="E:/libs/Box2D-master/build-Box2D-Desktop_Qt_5_6_0_MinGW_32bit-Default/glew" />
         <Option object_output="./" />
         <Option type="2" />
         <Option compiler="gcc" />
         <Compiler>
            <Add option="-DGLEW_STATIC" />
            <Add option="-D_CRT_SECURE_NO_WARNINGS" />
            <Add directory="D:/Qt/Qt5.6.0/Tools/mingw492_32/bin/../lib/gcc/i686-w64-mingw32/4.9.2/../../../../i686-w64-mingw32/include" />
            <Add directory="D:/Qt/Qt5.6.0/Tools/mingw492_32/bin/../lib/gcc/i686-w64-mingw32/4.9.2/include" />
            <Add directory="D:/Qt/Qt5.6.0/Tools/mingw492_32/bin/../lib/gcc/i686-w64-mingw32/4.9.2/include-fixed" />
            <Add directory="D:/Qt/Qt5.6.0/Tools/mingw492_32/lib/gcc/../../i686-w64-mingw32/include/c++" />
            <Add directory="D:/Qt/Qt5.6.0/Tools/mingw492_32/lib/gcc/../../i686-w64-mingw32/include/c++/backward" />
            <Add directory="D:/Qt/Qt5.6.0/Tools/mingw492_32/lib/gcc/../../i686-w64-mingw32/include/c++/i686-w64-mingw32" />
         </Compiler>
         <MakeCommands>
            <Build command="D:/Qt/Qt5.6.0/Tools/mingw492_32/bin/mingw32-make.exe -f &quot;E:/libs/Box2D-master/build-Box2D-Desktop_Qt_5_6_0_MinGW_32bit-Default/glew/Makefile&quot;  VERBOSE=1 glew" />
            <CompileFile command="D:/Qt/Qt5.6.0/Tools/mingw492_32/bin/mingw32-make.exe -f &quot;E:/libs/Box2D-master/build-Box2D-Desktop_Qt_5_6_0_MinGW_32bit-Default/glew/Makefile&quot;  VERBOSE=1 &quot;$file&quot;" />
            <Clean command="D:/Qt/Qt5.6.0/Tools/mingw492_32/bin/mingw32-make.exe -f &quot;E:/libs/Box2D-master/build-Box2D-Desktop_Qt_5_6_0_MinGW_32bit-Default/glew/Makefile&quot;  VERBOSE=1 clean" />
            <DistClean command="D:/Qt/Qt5.6.0/Tools/mingw492_32/bin/mingw32-make.exe -f &quot;E:/libs/Box2D-master/build-Box2D-Desktop_Qt_5_6_0_MinGW_32bit-Default/glew/Makefile&quot;  VERBOSE=1 clean" />
         </MakeCommands>
      </Target>
      <Target title="glew/fast">
         <Option output="E:/libs/Box2D-master/build-Box2D-Desktop_Qt_5_6_0_MinGW_32bit-Default/glew/libglew.a" prefix_auto="0" extension_auto="0" />
         <Option working_dir="E:/libs/Box2D-master/build-Box2D-Desktop_Qt_5_6_0_MinGW_32bit-Default/glew" />
         <Option object_output="./" />
         <Option type="2" />
         <Option compiler="gcc" />
         <Compiler>
            <Add option="-DGLEW_STATIC" />
            <Add option="-D_CRT_SECURE_NO_WARNINGS" />
            <Add directory="D:/Qt/Qt5.6.0/Tools/mingw492_32/bin/../lib/gcc/i686-w64-mingw32/4.9.2/../../../../i686-w64-mingw32/include" />
            <Add directory="D:/Qt/Qt5.6.0/Tools/mingw492_32/bin/../lib/gcc/i686-w64-mingw32/4.9.2/include" />
            <Add directory="D:/Qt/Qt5.6.0/Tools/mingw492_32/bin/../lib/gcc/i686-w64-mingw32/4.9.2/include-fixed" />
            <Add directory="D:/Qt/Qt5.6.0/Tools/mingw492_32/lib/gcc/../../i686-w64-mingw32/include/c++" />
            <Add directory="D:/Qt/Qt5.6.0/Tools/mingw492_32/lib/gcc/../../i686-w64-mingw32/include/c++/backward" />
            <Add directory="D:/Qt/Qt5.6.0/Tools/mingw492_32/lib/gcc/../../i686-w64-mingw32/include/c++/i686-w64-mingw32" />
         </Compiler>
         <MakeCommands>
            <Build command="D:/Qt/Qt5.6.0/Tools/mingw492_32/bin/mingw32-make.exe -f &quot;E:/libs/Box2D-master/build-Box2D-Desktop_Qt_5_6_0_MinGW_32bit-Default/glew/Makefile&quot;  VERBOSE=1 glew/fast" />
            <CompileFile command="D:/Qt/Qt5.6.0/Tools/mingw492_32/bin/mingw32-make.exe -f &quot;E:/libs/Box2D-master/build-Box2D-Desktop_Qt_5_6_0_MinGW_32bit-Default/glew/Makefile&quot;  VERBOSE=1 &quot;$file&quot;" />
            <Clean command="D:/Qt/Qt5.6.0/Tools/mingw492_32/bin/mingw32-make.exe -f &quot;E:/libs/Box2D-master/build-Box2D-Desktop_Qt_5_6_0_MinGW_32bit-Default/glew/Makefile&quot;  VERBOSE=1 clean" />
            <DistClean command="D:/Qt/Qt5.6.0/Tools/mingw492_32/bin/mingw32-make.exe -f &quot;E:/libs/Box2D-master/build-Box2D-Desktop_Qt_5_6_0_MinGW_32bit-Default/glew/Makefile&quot;  VERBOSE=1 clean" />
         </MakeCommands>
      </Target>
      <Target title="glfw">
         <Option output="E:/libs/Box2D-master/build-Box2D-Desktop_Qt_5_6_0_MinGW_32bit-Default/glfw/libglfw.a" prefix_auto="0" extension_auto="0" />
         <Option working_dir="E:/libs/Box2D-master/build-Box2D-Desktop_Qt_5_6_0_MinGW_32bit-Default/glfw" />
         <Option object_output="./" />
         <Option type="2" />
         <Option compiler="gcc" />
         <Compiler>
            <Add option="-DGLFW_STATIC" />
            <Add option="-D_CRT_SECURE_NO_WARNINGS" />
            <Add directory="D:/Qt/Qt5.6.0/Tools/mingw492_32/bin/../lib/gcc/i686-w64-mingw32/4.9.2/../../../../i686-w64-mingw32/include" />
            <Add directory="D:/Qt/Qt5.6.0/Tools/mingw492_32/bin/../lib/gcc/i686-w64-mingw32/4.9.2/include" />
            <Add directory="D:/Qt/Qt5.6.0/Tools/mingw492_32/bin/../lib/gcc/i686-w64-mingw32/4.9.2/include-fixed" />
            <Add directory="D:/Qt/Qt5.6.0/Tools/mingw492_32/lib/gcc/../../i686-w64-mingw32/include/c++" />
            <Add directory="D:/Qt/Qt5.6.0/Tools/mingw492_32/lib/gcc/../../i686-w64-mingw32/include/c++/backward" />
            <Add directory="D:/Qt/Qt5.6.0/Tools/mingw492_32/lib/gcc/../../i686-w64-mingw32/include/c++/i686-w64-mingw32" />
         </Compiler>
         <MakeCommands>
            <Build command="D:/Qt/Qt5.6.0/Tools/mingw492_32/bin/mingw32-make.exe -f &quot;E:/libs/Box2D-master/build-Box2D-Desktop_Qt_5_6_0_MinGW_32bit-Default/glfw/Makefile&quot;  VERBOSE=1 glfw" />
            <CompileFile command="D:/Qt/Qt5.6.0/Tools/mingw492_32/bin/mingw32-make.exe -f &quot;E:/libs/Box2D-master/build-Box2D-Desktop_Qt_5_6_0_MinGW_32bit-Default/glfw/Makefile&quot;  VERBOSE=1 &quot;$file&quot;" />
            <Clean command="D:/Qt/Qt5.6.0/Tools/mingw492_32/bin/mingw32-make.exe -f &quot;E:/libs/Box2D-master/build-Box2D-Desktop_Qt_5_6_0_MinGW_32bit-Default/glfw/Makefile&quot;  VERBOSE=1 clean" />
            <DistClean command="D:/Qt/Qt5.6.0/Tools/mingw492_32/bin/mingw32-make.exe -f &quot;E:/libs/Box2D-master/build-Box2D-Desktop_Qt_5_6_0_MinGW_32bit-Default/glfw/Makefile&quot;  VERBOSE=1 clean" />
         </MakeCommands>
      </Target>
      <Target title="glfw/fast">
         <Option output="E:/libs/Box2D-master/build-Box2D-Desktop_Qt_5_6_0_MinGW_32bit-Default/glfw/libglfw.a" prefix_auto="0" extension_auto="0" />
         <Option working_dir="E:/libs/Box2D-master/build-Box2D-Desktop_Qt_5_6_0_MinGW_32bit-Default/glfw" />
         <Option object_output="./" />
         <Option type="2" />
         <Option compiler="gcc" />
         <Compiler>
            <Add option="-DGLFW_STATIC" />
            <Add option="-D_CRT_SECURE_NO_WARNINGS" />
            <Add directory="D:/Qt/Qt5.6.0/Tools/mingw492_32/bin/../lib/gcc/i686-w64-mingw32/4.9.2/../../../../i686-w64-mingw32/include" />
            <Add directory="D:/Qt/Qt5.6.0/Tools/mingw492_32/bin/../lib/gcc/i686-w64-mingw32/4.9.2/include" />
            <Add directory="D:/Qt/Qt5.6.0/Tools/mingw492_32/bin/../lib/gcc/i686-w64-mingw32/4.9.2/include-fixed" />
            <Add directory="D:/Qt/Qt5.6.0/Tools/mingw492_32/lib/gcc/../../i686-w64-mingw32/include/c++" />
            <Add directory="D:/Qt/Qt5.6.0/Tools/mingw492_32/lib/gcc/../../i686-w64-mingw32/include/c++/backward" />
            <Add directory="D:/Qt/Qt5.6.0/Tools/mingw492_32/lib/gcc/../../i686-w64-mingw32/include/c++/i686-w64-mingw32" />
         </Compiler>
         <MakeCommands>
            <Build command="D:/Qt/Qt5.6.0/Tools/mingw492_32/bin/mingw32-make.exe -f &quot;E:/libs/Box2D-master/build-Box2D-Desktop_Qt_5_6_0_MinGW_32bit-Default/glfw/Makefile&quot;  VERBOSE=1 glfw/fast" />
            <CompileFile command="D:/Qt/Qt5.6.0/Tools/mingw492_32/bin/mingw32-make.exe -f &quot;E:/libs/Box2D-master/build-Box2D-Desktop_Qt_5_6_0_MinGW_32bit-Default/glfw/Makefile&quot;  VERBOSE=1 &quot;$file&quot;" />
            <Clean command="D:/Qt/Qt5.6.0/Tools/mingw492_32/bin/mingw32-make.exe -f &quot;E:/libs/Box2D-master/build-Box2D-Desktop_Qt_5_6_0_MinGW_32bit-Default/glfw/Makefile&quot;  VERBOSE=1 clean" />
            <DistClean command="D:/Qt/Qt5.6.0/Tools/mingw492_32/bin/mingw32-make.exe -f &quot;E:/libs/Box2D-master/build-Box2D-Desktop_Qt_5_6_0_MinGW_32bit-Default/glfw/Makefile&quot;  VERBOSE=1 clean" />
         </MakeCommands>
      </Target>
      <Target title="Testbed">
         <Option output="E:/libs/Box2D-master/build-Box2D-Desktop_Qt_5_6_0_MinGW_32bit-Default/Testbed/Testbed.exe" prefix_auto="0" extension_auto="0" />
         <Option working_dir="E:/libs/Box2D-master/build-Box2D-Desktop_Qt_5_6_0_MinGW_32bit-Default/Testbed" />
         <Option object_output="./" />
         <Option type="1" />
         <Option compiler="gcc" />
         <Compiler>
            <Add option="-DGLEW_STATIC" />
            <Add option="-D_CRT_SECURE_NO_WARNINGS" />
            <Add directory="D:/Qt/Qt5.6.0/Tools/mingw492_32/bin/../lib/gcc/i686-w64-mingw32/4.9.2/../../../../i686-w64-mingw32/include" />
            <Add directory="D:/Qt/Qt5.6.0/Tools/mingw492_32/bin/../lib/gcc/i686-w64-mingw32/4.9.2/include" />
            <Add directory="D:/Qt/Qt5.6.0/Tools/mingw492_32/bin/../lib/gcc/i686-w64-mingw32/4.9.2/include-fixed" />
            <Add directory="D:/Qt/Qt5.6.0/Tools/mingw492_32/lib/gcc/../../i686-w64-mingw32/include/c++" />
            <Add directory="D:/Qt/Qt5.6.0/Tools/mingw492_32/lib/gcc/../../i686-w64-mingw32/include/c++/backward" />
            <Add directory="D:/Qt/Qt5.6.0/Tools/mingw492_32/lib/gcc/../../i686-w64-mingw32/include/c++/i686-w64-mingw32" />
            <Add directory="E:/libs/Box2D-master/Box2D" />
         </Compiler>
         <MakeCommands>
            <Build command="D:/Qt/Qt5.6.0/Tools/mingw492_32/bin/mingw32-make.exe -f &quot;E:/libs/Box2D-master/build-Box2D-Desktop_Qt_5_6_0_MinGW_32bit-Default/Testbed/Makefile&quot;  VERBOSE=1 Testbed" />
            <CompileFile command="D:/Qt/Qt5.6.0/Tools/mingw492_32/bin/mingw32-make.exe -f &quot;E:/libs/Box2D-master/build-Box2D-Desktop_Qt_5_6_0_MinGW_32bit-Default/Testbed/Makefile&quot;  VERBOSE=1 &quot;$file&quot;" />
            <Clean command="D:/Qt/Qt5.6.0/Tools/mingw492_32/bin/mingw32-make.exe -f &quot;E:/libs/Box2D-master/build-Box2D-Desktop_Qt_5_6_0_MinGW_32bit-Default/Testbed/Makefile&quot;  VERBOSE=1 clean" />
            <DistClean command="D:/Qt/Qt5.6.0/Tools/mingw492_32/bin/mingw32-make.exe -f &quot;E:/libs/Box2D-master/build-Box2D-Desktop_Qt_5_6_0_MinGW_32bit-Default/Testbed/Makefile&quot;  VERBOSE=1 clean" />
         </MakeCommands>
      </Target>
      <Target title="Testbed/fast">
         <Option output="E:/libs/Box2D-master/build-Box2D-Desktop_Qt_5_6_0_MinGW_32bit-Default/Testbed/Testbed.exe" prefix_auto="0" extension_auto="0" />
         <Option working_dir="E:/libs/Box2D-master/build-Box2D-Desktop_Qt_5_6_0_MinGW_32bit-Default/Testbed" />
         <Option object_output="./" />
         <Option type="1" />
         <Option compiler="gcc" />
         <Compiler>
            <Add option="-DGLEW_STATIC" />
            <Add option="-D_CRT_SECURE_NO_WARNINGS" />
            <Add directory="D:/Qt/Qt5.6.0/Tools/mingw492_32/bin/../lib/gcc/i686-w64-mingw32/4.9.2/../../../../i686-w64-mingw32/include" />
            <Add directory="D:/Qt/Qt5.6.0/Tools/mingw492_32/bin/../lib/gcc/i686-w64-mingw32/4.9.2/include" />
            <Add directory="D:/Qt/Qt5.6.0/Tools/mingw492_32/bin/../lib/gcc/i686-w64-mingw32/4.9.2/include-fixed" />
            <Add directory="D:/Qt/Qt5.6.0/Tools/mingw492_32/lib/gcc/../../i686-w64-mingw32/include/c++" />
            <Add directory="D:/Qt/Qt5.6.0/Tools/mingw492_32/lib/gcc/../../i686-w64-mingw32/include/c++/backward" />
            <Add directory="D:/Qt/Qt5.6.0/Tools/mingw492_32/lib/gcc/../../i686-w64-mingw32/include/c++/i686-w64-mingw32" />
            <Add directory="E:/libs/Box2D-master/Box2D" />
         </Compiler>
         <MakeCommands>
            <Build command="D:/Qt/Qt5.6.0/Tools/mingw492_32/bin/mingw32-make.exe -f &quot;E:/libs/Box2D-master/build-Box2D-Desktop_Qt_5_6_0_MinGW_32bit-Default/Testbed/Makefile&quot;  VERBOSE=1 Testbed/fast" />
            <CompileFile command="D:/Qt/Qt5.6.0/Tools/mingw492_32/bin/mingw32-make.exe -f &quot;E:/libs/Box2D-master/build-Box2D-Desktop_Qt_5_6_0_MinGW_32bit-Default/Testbed/Makefile&quot;  VERBOSE=1 &quot;$file&quot;" />
            <Clean command="D:/Qt/Qt5.6.0/Tools/mingw492_32/bin/mingw32-make.exe -f &quot;E:/libs/Box2D-master/build-Box2D-Desktop_Qt_5_6_0_MinGW_32bit-Default/Testbed/Makefile&quot;  VERBOSE=1 clean" />
            <DistClean command="D:/Qt/Qt5.6.0/Tools/mingw492_32/bin/mingw32-make.exe -f &quot;E:/libs/Box2D-master/build-Box2D-Desktop_Qt_5_6_0_MinGW_32bit-Default/Testbed/Makefile&quot;  VERBOSE=1 clean" />
         </MakeCommands>
      </Target>
      </Build>
      <Unit filename="E:/libs/Box2D-master/Box2D/Box2D/Box2D.h">
         <Option target="Box2D"/>
      </Unit>
      <Unit filename="E:/libs/Box2D-master/Box2D/Box2D/Collision/Shapes/b2ChainShape.cpp">
         <Option target="Box2D"/>
      </Unit>
      <Unit filename="E:/libs/Box2D-master/Box2D/Box2D/Collision/Shapes/b2ChainShape.h">
         <Option target="Box2D"/>
      </Unit>
      <Unit filename="E:/libs/Box2D-master/Box2D/Box2D/Collision/Shapes/b2CircleShape.cpp">
         <Option target="Box2D"/>
      </Unit>
      <Unit filename="E:/libs/Box2D-master/Box2D/Box2D/Collision/Shapes/b2CircleShape.h">
         <Option target="Box2D"/>
      </Unit>
      <Unit filename="E:/libs/Box2D-master/Box2D/Box2D/Collision/Shapes/b2EdgeShape.cpp">
         <Option target="Box2D"/>
      </Unit>
      <Unit filename="E:/libs/Box2D-master/Box2D/Box2D/Collision/Shapes/b2EdgeShape.h">
         <Option target="Box2D"/>
      </Unit>
      <Unit filename="E:/libs/Box2D-master/Box2D/Box2D/Collision/Shapes/b2PolygonShape.cpp">
         <Option target="Box2D"/>
      </Unit>
      <Unit filename="E:/libs/Box2D-master/Box2D/Box2D/Collision/Shapes/b2PolygonShape.h">
         <Option target="Box2D"/>
      </Unit>
      <Unit filename="E:/libs/Box2D-master/Box2D/Box2D/Collision/Shapes/b2Shape.h">
         <Option target="Box2D"/>
      </Unit>
      <Unit filename="E:/libs/Box2D-master/Box2D/Box2D/Collision/b2BroadPhase.cpp">
         <Option target="Box2D"/>
      </Unit>
      <Unit filename="E:/libs/Box2D-master/Box2D/Box2D/Collision/b2BroadPhase.h">
         <Option target="Box2D"/>
      </Unit>
      <Unit filename="E:/libs/Box2D-master/Box2D/Box2D/Collision/b2CollideCircle.cpp">
         <Option target="Box2D"/>
      </Unit>
      <Unit filename="E:/libs/Box2D-master/Box2D/Box2D/Collision/b2CollideEdge.cpp">
         <Option target="Box2D"/>
      </Unit>
      <Unit filename="E:/libs/Box2D-master/Box2D/Box2D/Collision/b2CollidePolygon.cpp">
         <Option target="Box2D"/>
      </Unit>
      <Unit filename="E:/libs/Box2D-master/Box2D/Box2D/Collision/b2Collision.cpp">
         <Option target="Box2D"/>
      </Unit>
      <Unit filename="E:/libs/Box2D-master/Box2D/Box2D/Collision/b2Collision.h">
         <Option target="Box2D"/>
      </Unit>
      <Unit filename="E:/libs/Box2D-master/Box2D/Box2D/Collision/b2Distance.cpp">
         <Option target="Box2D"/>
      </Unit>
      <Unit filename="E:/libs/Box2D-master/Box2D/Box2D/Collision/b2Distance.h">
         <Option target="Box2D"/>
      </Unit>
      <Unit filename="E:/libs/Box2D-master/Box2D/Box2D/Collision/b2DynamicTree.cpp">
         <Option target="Box2D"/>
      </Unit>
      <Unit filename="E:/libs/Box2D-master/Box2D/Box2D/Collision/b2DynamicTree.h">
         <Option target="Box2D"/>
      </Unit>
      <Unit filename="E:/libs/Box2D-master/Box2D/Box2D/Collision/b2TimeOfImpact.cpp">
         <Option target="Box2D"/>
      </Unit>
      <Unit filename="E:/libs/Box2D-master/Box2D/Box2D/Collision/b2TimeOfImpact.h">
         <Option target="Box2D"/>
      </Unit>
      <Unit filename="E:/libs/Box2D-master/Box2D/Box2D/Common/b2BlockAllocator.cpp">
         <Option target="Box2D"/>
      </Unit>
      <Unit filename="E:/libs/Box2D-master/Box2D/Box2D/Common/b2BlockAllocator.h">
         <Option target="Box2D"/>
      </Unit>
      <Unit filename="E:/libs/Box2D-master/Box2D/Box2D/Common/b2Draw.cpp">
         <Option target="Box2D"/>
      </Unit>
      <Unit filename="E:/libs/Box2D-master/Box2D/Box2D/Common/b2Draw.h">
         <Option target="Box2D"/>
      </Unit>
      <Unit filename="E:/libs/Box2D-master/Box2D/Box2D/Common/b2GrowableStack.h">
         <Option target="Box2D"/>
      </Unit>
      <Unit filename="E:/libs/Box2D-master/Box2D/Box2D/Common/b2Math.cpp">
         <Option target="Box2D"/>
      </Unit>
      <Unit filename="E:/libs/Box2D-master/Box2D/Box2D/Common/b2Math.h">
         <Option target="Box2D"/>
      </Unit>
      <Unit filename="E:/libs/Box2D-master/Box2D/Box2D/Common/b2Settings.cpp">
         <Option target="Box2D"/>
      </Unit>
      <Unit filename="E:/libs/Box2D-master/Box2D/Box2D/Common/b2Settings.h">
         <Option target="Box2D"/>
      </Unit>
      <Unit filename="E:/libs/Box2D-master/Box2D/Box2D/Common/b2StackAllocator.cpp">
         <Option target="Box2D"/>
      </Unit>
      <Unit filename="E:/libs/Box2D-master/Box2D/Box2D/Common/b2StackAllocator.h">
         <Option target="Box2D"/>
      </Unit>
      <Unit filename="E:/libs/Box2D-master/Box2D/Box2D/Common/b2Timer.cpp">
         <Option target="Box2D"/>
      </Unit>
      <Unit filename="E:/libs/Box2D-master/Box2D/Box2D/Common/b2Timer.h">
         <Option target="Box2D"/>
      </Unit>
      <Unit filename="E:/libs/Box2D-master/Box2D/Box2D/Dynamics/Contacts/b2ChainAndCircleContact.cpp">
         <Option target="Box2D"/>
      </Unit>
      <Unit filename="E:/libs/Box2D-master/Box2D/Box2D/Dynamics/Contacts/b2ChainAndCircleContact.h">
         <Option target="Box2D"/>
      </Unit>
      <Unit filename="E:/libs/Box2D-master/Box2D/Box2D/Dynamics/Contacts/b2ChainAndPolygonContact.cpp">
         <Option target="Box2D"/>
      </Unit>
      <Unit filename="E:/libs/Box2D-master/Box2D/Box2D/Dynamics/Contacts/b2ChainAndPolygonContact.h">
         <Option target="Box2D"/>
      </Unit>
      <Unit filename="E:/libs/Box2D-master/Box2D/Box2D/Dynamics/Contacts/b2CircleContact.cpp">
         <Option target="Box2D"/>
      </Unit>
      <Unit filename="E:/libs/Box2D-master/Box2D/Box2D/Dynamics/Contacts/b2CircleContact.h">
         <Option target="Box2D"/>
      </Unit>
      <Unit filename="E:/libs/Box2D-master/Box2D/Box2D/Dynamics/Contacts/b2Contact.cpp">
         <Option target="Box2D"/>
      </Unit>
      <Unit filename="E:/libs/Box2D-master/Box2D/Box2D/Dynamics/Contacts/b2Contact.h">
         <Option target="Box2D"/>
      </Unit>
      <Unit filename="E:/libs/Box2D-master/Box2D/Box2D/Dynamics/Contacts/b2ContactSolver.cpp">
         <Option target="Box2D"/>
      </Unit>
      <Unit filename="E:/libs/Box2D-master/Box2D/Box2D/Dynamics/Contacts/b2ContactSolver.h">
         <Option target="Box2D"/>
      </Unit>
      <Unit filename="E:/libs/Box2D-master/Box2D/Box2D/Dynamics/Contacts/b2EdgeAndCircleContact.cpp">
         <Option target="Box2D"/>
      </Unit>
      <Unit filename="E:/libs/Box2D-master/Box2D/Box2D/Dynamics/Contacts/b2EdgeAndCircleContact.h">
         <Option target="Box2D"/>
      </Unit>
      <Unit filename="E:/libs/Box2D-master/Box2D/Box2D/Dynamics/Contacts/b2EdgeAndPolygonContact.cpp">
         <Option target="Box2D"/>
      </Unit>
      <Unit filename="E:/libs/Box2D-master/Box2D/Box2D/Dynamics/Contacts/b2EdgeAndPolygonContact.h">
         <Option target="Box2D"/>
      </Unit>
      <Unit filename="E:/libs/Box2D-master/Box2D/Box2D/Dynamics/Contacts/b2PolygonAndCircleContact.cpp">
         <Option target="Box2D"/>
      </Unit>
      <Unit filename="E:/libs/Box2D-master/Box2D/Box2D/Dynamics/Contacts/b2PolygonAndCircleContact.h">
         <Option target="Box2D"/>
      </Unit>
      <Unit filename="E:/libs/Box2D-master/Box2D/Box2D/Dynamics/Contacts/b2PolygonContact.cpp">
         <Option target="Box2D"/>
      </Unit>
      <Unit filename="E:/libs/Box2D-master/Box2D/Box2D/Dynamics/Contacts/b2PolygonContact.h">
         <Option target="Box2D"/>
      </Unit>
      <Unit filename="E:/libs/Box2D-master/Box2D/Box2D/Dynamics/Joints/b2DistanceJoint.cpp">
         <Option target="Box2D"/>
      </Unit>
      <Unit filename="E:/libs/Box2D-master/Box2D/Box2D/Dynamics/Joints/b2DistanceJoint.h">
         <Option target="Box2D"/>
      </Unit>
      <Unit filename="E:/libs/Box2D-master/Box2D/Box2D/Dynamics/Joints/b2FrictionJoint.cpp">
         <Option target="Box2D"/>
      </Unit>
      <Unit filename="E:/libs/Box2D-master/Box2D/Box2D/Dynamics/Joints/b2FrictionJoint.h">
         <Option target="Box2D"/>
      </Unit>
      <Unit filename="E:/libs/Box2D-master/Box2D/Box2D/Dynamics/Joints/b2GearJoint.cpp">
         <Option target="Box2D"/>
      </Unit>
      <Unit filename="E:/libs/Box2D-master/Box2D/Box2D/Dynamics/Joints/b2GearJoint.h">
         <Option target="Box2D"/>
      </Unit>
      <Unit filename="E:/libs/Box2D-master/Box2D/Box2D/Dynamics/Joints/b2Joint.cpp">
         <Option target="Box2D"/>
      </Unit>
      <Unit filename="E:/libs/Box2D-master/Box2D/Box2D/Dynamics/Joints/b2Joint.h">
         <Option target="Box2D"/>
      </Unit>
      <Unit filename="E:/libs/Box2D-master/Box2D/Box2D/Dynamics/Joints/b2MotorJoint.cpp">
         <Option target="Box2D"/>
      </Unit>
      <Unit filename="E:/libs/Box2D-master/Box2D/Box2D/Dynamics/Joints/b2MotorJoint.h">
         <Option target="Box2D"/>
      </Unit>
      <Unit filename="E:/libs/Box2D-master/Box2D/Box2D/Dynamics/Joints/b2MouseJoint.cpp">
         <Option target="Box2D"/>
      </Unit>
      <Unit filename="E:/libs/Box2D-master/Box2D/Box2D/Dynamics/Joints/b2MouseJoint.h">
         <Option target="Box2D"/>
      </Unit>
      <Unit filename="E:/libs/Box2D-master/Box2D/Box2D/Dynamics/Joints/b2PrismaticJoint.cpp">
         <Option target="Box2D"/>
      </Unit>
      <Unit filename="E:/libs/Box2D-master/Box2D/Box2D/Dynamics/Joints/b2PrismaticJoint.h">
         <Option target="Box2D"/>
      </Unit>
      <Unit filename="E:/libs/Box2D-master/Box2D/Box2D/Dynamics/Joints/b2PulleyJoint.cpp">
         <Option target="Box2D"/>
      </Unit>
      <Unit filename="E:/libs/Box2D-master/Box2D/Box2D/Dynamics/Joints/b2PulleyJoint.h">
         <Option target="Box2D"/>
      </Unit>
      <Unit filename="E:/libs/Box2D-master/Box2D/Box2D/Dynamics/Joints/b2RevoluteJoint.cpp">
         <Option target="Box2D"/>
      </Unit>
      <Unit filename="E:/libs/Box2D-master/Box2D/Box2D/Dynamics/Joints/b2RevoluteJoint.h">
         <Option target="Box2D"/>
      </Unit>
      <Unit filename="E:/libs/Box2D-master/Box2D/Box2D/Dynamics/Joints/b2RopeJoint.cpp">
         <Option target="Box2D"/>
      </Unit>
      <Unit filename="E:/libs/Box2D-master/Box2D/Box2D/Dynamics/Joints/b2RopeJoint.h">
         <Option target="Box2D"/>
      </Unit>
      <Unit filename="E:/libs/Box2D-master/Box2D/Box2D/Dynamics/Joints/b2WeldJoint.cpp">
         <Option target="Box2D"/>
      </Unit>
      <Unit filename="E:/libs/Box2D-master/Box2D/Box2D/Dynamics/Joints/b2WeldJoint.h">
         <Option target="Box2D"/>
      </Unit>
      <Unit filename="E:/libs/Box2D-master/Box2D/Box2D/Dynamics/Joints/b2WheelJoint.cpp">
         <Option target="Box2D"/>
      </Unit>
      <Unit filename="E:/libs/Box2D-master/Box2D/Box2D/Dynamics/Joints/b2WheelJoint.h">
         <Option target="Box2D"/>
      </Unit>
      <Unit filename="E:/libs/Box2D-master/Box2D/Box2D/Dynamics/b2Body.cpp">
         <Option target="Box2D"/>
      </Unit>
      <Unit filename="E:/libs/Box2D-master/Box2D/Box2D/Dynamics/b2Body.h">
         <Option target="Box2D"/>
      </Unit>
      <Unit filename="E:/libs/Box2D-master/Box2D/Box2D/Dynamics/b2ContactManager.cpp">
         <Option target="Box2D"/>
      </Unit>
      <Unit filename="E:/libs/Box2D-master/Box2D/Box2D/Dynamics/b2ContactManager.h">
         <Option target="Box2D"/>
      </Unit>
      <Unit filename="E:/libs/Box2D-master/Box2D/Box2D/Dynamics/b2Fixture.cpp">
         <Option target="Box2D"/>
      </Unit>
      <Unit filename="E:/libs/Box2D-master/Box2D/Box2D/Dynamics/b2Fixture.h">
         <Option target="Box2D"/>
      </Unit>
      <Unit filename="E:/libs/Box2D-master/Box2D/Box2D/Dynamics/b2Island.cpp">
         <Option target="Box2D"/>
      </Unit>
      <Unit filename="E:/libs/Box2D-master/Box2D/Box2D/Dynamics/b2Island.h">
         <Option target="Box2D"/>
      </Unit>
      <Unit filename="E:/libs/Box2D-master/Box2D/Box2D/Dynamics/b2TimeStep.h">
         <Option target="Box2D"/>
      </Unit>
      <Unit filename="E:/libs/Box2D-master/Box2D/Box2D/Dynamics/b2World.cpp">
         <Option target="Box2D"/>
      </Unit>
      <Unit filename="E:/libs/Box2D-master/Box2D/Box2D/Dynamics/b2World.h">
         <Option target="Box2D"/>
      </Unit>
      <Unit filename="E:/libs/Box2D-master/Box2D/Box2D/Dynamics/b2WorldCallbacks.cpp">
         <Option target="Box2D"/>
      </Unit>
      <Unit filename="E:/libs/Box2D-master/Box2D/Box2D/Dynamics/b2WorldCallbacks.h">
         <Option target="Box2D"/>
      </Unit>
      <Unit filename="E:/libs/Box2D-master/Box2D/Box2D/Rope/b2Rope.cpp">
         <Option target="Box2D"/>
      </Unit>
      <Unit filename="E:/libs/Box2D-master/Box2D/Box2D/Rope/b2Rope.h">
         <Option target="Box2D"/>
      </Unit>
      <Unit filename="E:/libs/Box2D-master/Box2D/HelloWorld/HelloWorld.cpp">
         <Option target="HelloWorld"/>
      </Unit>
      <Unit filename="E:/libs/Box2D-master/Box2D/Testbed/Framework/DebugDraw.cpp">
         <Option target="Testbed"/>
      </Unit>
      <Unit filename="E:/libs/Box2D-master/Box2D/Testbed/Framework/DebugDraw.h">
         <Option target="Testbed"/>
      </Unit>
      <Unit filename="E:/libs/Box2D-master/Box2D/Testbed/Framework/Main.cpp">
         <Option target="Testbed"/>
      </Unit>
      <Unit filename="E:/libs/Box2D-master/Box2D/Testbed/Framework/RenderGL3.cpp">
         <Option target="Testbed"/>
      </Unit>
      <Unit filename="E:/libs/Box2D-master/Box2D/Testbed/Framework/RenderGL3.h">
         <Option target="Testbed"/>
      </Unit>
      <Unit filename="E:/libs/Box2D-master/Box2D/Testbed/Framework/Test.cpp">
         <Option target="Testbed"/>
      </Unit>
      <Unit filename="E:/libs/Box2D-master/Box2D/Testbed/Framework/Test.h">
         <Option target="Testbed"/>
      </Unit>
      <Unit filename="E:/libs/Box2D-master/Box2D/Testbed/Framework/imgui.cpp">
         <Option target="Testbed"/>
      </Unit>
      <Unit filename="E:/libs/Box2D-master/Box2D/Testbed/Framework/imgui.h">
         <Option target="Testbed"/>
      </Unit>
      <Unit filename="E:/libs/Box2D-master/Box2D/Testbed/Tests/AddPair.h">
         <Option target="Testbed"/>
      </Unit>
      <Unit filename="E:/libs/Box2D-master/Box2D/Testbed/Tests/ApplyForce.h">
         <Option target="Testbed"/>
      </Unit>
      <Unit filename="E:/libs/Box2D-master/Box2D/Testbed/Tests/BodyTypes.h">
         <Option target="Testbed"/>
      </Unit>
      <Unit filename="E:/libs/Box2D-master/Box2D/Testbed/Tests/Breakable.h">
         <Option target="Testbed"/>
      </Unit>
      <Unit filename="E:/libs/Box2D-master/Box2D/Testbed/Tests/Bridge.h">
         <Option target="Testbed"/>
      </Unit>
      <Unit filename="E:/libs/Box2D-master/Box2D/Testbed/Tests/BulletTest.h">
         <Option target="Testbed"/>
      </Unit>
      <Unit filename="E:/libs/Box2D-master/Box2D/Testbed/Tests/Cantilever.h">
         <Option target="Testbed"/>
      </Unit>
      <Unit filename="E:/libs/Box2D-master/Box2D/Testbed/Tests/Car.h">
         <Option target="Testbed"/>
      </Unit>
      <Unit filename="E:/libs/Box2D-master/Box2D/Testbed/Tests/Chain.h">
         <Option target="Testbed"/>
      </Unit>
      <Unit filename="E:/libs/Box2D-master/Box2D/Testbed/Tests/CharacterCollision.h">
         <Option target="Testbed"/>
      </Unit>
      <Unit filename="E:/libs/Box2D-master/Box2D/Testbed/Tests/CollisionFiltering.h">
         <Option target="Testbed"/>
      </Unit>
      <Unit filename="E:/libs/Box2D-master/Box2D/Testbed/Tests/CollisionProcessing.h">
         <Option target="Testbed"/>
      </Unit>
      <Unit filename="E:/libs/Box2D-master/Box2D/Testbed/Tests/CompoundShapes.h">
         <Option target="Testbed"/>
      </Unit>
      <Unit filename="E:/libs/Box2D-master/Box2D/Testbed/Tests/Confined.h">
         <Option target="Testbed"/>
      </Unit>
      <Unit filename="E:/libs/Box2D-master/Box2D/Testbed/Tests/ContinuousTest.h">
         <Option target="Testbed"/>
      </Unit>
      <Unit filename="E:/libs/Box2D-master/Box2D/Testbed/Tests/DistanceTest.h">
         <Option target="Testbed"/>
      </Unit>
      <Unit filename="E:/libs/Box2D-master/Box2D/Testbed/Tests/Dominos.h">
         <Option target="Testbed"/>
      </Unit>
      <Unit filename="E:/libs/Box2D-master/Box2D/Testbed/Tests/DumpShell.h">
         <Option target="Testbed"/>
      </Unit>
      <Unit filename="E:/libs/Box2D-master/Box2D/Testbed/Tests/DynamicTreeTest.h">
         <Option target="Testbed"/>
      </Unit>
      <Unit filename="E:/libs/Box2D-master/Box2D/Testbed/Tests/EdgeShapes.h">
         <Option target="Testbed"/>
      </Unit>
      <Unit filename="E:/libs/Box2D-master/Box2D/Testbed/Tests/EdgeTest.h">
         <Option target="Testbed"/>
      </Unit>
      <Unit filename="E:/libs/Box2D-master/Box2D/Testbed/Tests/Gears.h">
         <Option target="Testbed"/>
      </Unit>
      <Unit filename="E:/libs/Box2D-master/Box2D/Testbed/Tests/OneSidedPlatform.h">
         <Option target="Testbed"/>
      </Unit>
      <Unit filename="E:/libs/Box2D-master/Box2D/Testbed/Tests/Pinball.h">
         <Option target="Testbed"/>
      </Unit>
      <Unit filename="E:/libs/Box2D-master/Box2D/Testbed/Tests/PolyCollision.h">
         <Option target="Testbed"/>
      </Unit>
      <Unit filename="E:/libs/Box2D-master/Box2D/Testbed/Tests/PolyShapes.h">
         <Option target="Testbed"/>
      </Unit>
      <Unit filename="E:/libs/Box2D-master/Box2D/Testbed/Tests/Prismatic.h">
         <Option target="Testbed"/>
      </Unit>
      <Unit filename="E:/libs/Box2D-master/Box2D/Testbed/Tests/Pulleys.h">
         <Option target="Testbed"/>
      </Unit>
      <Unit filename="E:/libs/Box2D-master/Box2D/Testbed/Tests/Pyramid.h">
         <Option target="Testbed"/>
      </Unit>
      <Unit filename="E:/libs/Box2D-master/Box2D/Testbed/Tests/RayCast.h">
         <Option target="Testbed"/>
      </Unit>
      <Unit filename="E:/libs/Box2D-master/Box2D/Testbed/Tests/Revolute.h">
         <Option target="Testbed"/>
      </Unit>
      <Unit filename="E:/libs/Box2D-master/Box2D/Testbed/Tests/Rope.h">
         <Option target="Testbed"/>
      </Unit>
      <Unit filename="E:/libs/Box2D-master/Box2D/Testbed/Tests/RopeJoint.h">
         <Option target="Testbed"/>
      </Unit>
      <Unit filename="E:/libs/Box2D-master/Box2D/Testbed/Tests/SensorTest.h">
         <Option target="Testbed"/>
      </Unit>
      <Unit filename="E:/libs/Box2D-master/Box2D/Testbed/Tests/ShapeEditing.h">
         <Option target="Testbed"/>
      </Unit>
      <Unit filename="E:/libs/Box2D-master/Box2D/Testbed/Tests/SliderCrank.h">
         <Option target="Testbed"/>
      </Unit>
      <Unit filename="E:/libs/Box2D-master/Box2D/Testbed/Tests/SphereStack.h">
         <Option target="Testbed"/>
      </Unit>
      <Unit filename="E:/libs/Box2D-master/Box2D/Testbed/Tests/TestEntries.cpp">
         <Option target="Testbed"/>
      </Unit>
      <Unit filename="E:/libs/Box2D-master/Box2D/Testbed/Tests/TheoJansen.h">
         <Option target="Testbed"/>
      </Unit>
      <Unit filename="E:/libs/Box2D-master/Box2D/Testbed/Tests/Tiles.h">
         <Option target="Testbed"/>
      </Unit>
      <Unit filename="E:/libs/Box2D-master/Box2D/Testbed/Tests/TimeOfImpact.h">
         <Option target="Testbed"/>
      </Unit>
      <Unit filename="E:/libs/Box2D-master/Box2D/Testbed/Tests/VaryingFriction.h">
         <Option target="Testbed"/>
      </Unit>
      <Unit filename="E:/libs/Box2D-master/Box2D/Testbed/Tests/VaryingRestitution.h">
         <Option target="Testbed"/>
      </Unit>
      <Unit filename="E:/libs/Box2D-master/Box2D/Testbed/Tests/VerticalStack.h">
         <Option target="Testbed"/>
      </Unit>
      <Unit filename="E:/libs/Box2D-master/Box2D/Testbed/Tests/Web.h">
         <Option target="Testbed"/>
      </Unit>
      <Unit filename="E:/libs/Box2D-master/Box2D/glew/glew.c">
         <Option target="glew"/>
      </Unit>
      <Unit filename="E:/libs/Box2D-master/Box2D/glew/glew.h">
         <Option target="glew"/>
      </Unit>
      <Unit filename="E:/libs/Box2D-master/Box2D/glew/glxew.h">
         <Option target="glew"/>
      </Unit>
      <Unit filename="E:/libs/Box2D-master/Box2D/glew/wglew.h">
         <Option target="glew"/>
      </Unit>
      <Unit filename="E:/libs/Box2D-master/Box2D/glfw/clipboard.c">
         <Option target="glfw"/>
      </Unit>
      <Unit filename="E:/libs/Box2D-master/Box2D/glfw/config.h">
         <Option target="glfw"/>
      </Unit>
      <Unit filename="E:/libs/Box2D-master/Box2D/glfw/context.c">
         <Option target="glfw"/>
      </Unit>
      <Unit filename="E:/libs/Box2D-master/Box2D/glfw/gamma.c">
         <Option target="glfw"/>
      </Unit>
      <Unit filename="E:/libs/Box2D-master/Box2D/glfw/init.c">
         <Option target="glfw"/>
      </Unit>
      <Unit filename="E:/libs/Box2D-master/Box2D/glfw/input.c">
         <Option target="glfw"/>
      </Unit>
      <Unit filename="E:/libs/Box2D-master/Box2D/glfw/internal.h">
         <Option target="glfw"/>
      </Unit>
      <Unit filename="E:/libs/Box2D-master/Box2D/glfw/joystick.c">
         <Option target="glfw"/>
      </Unit>
      <Unit filename="E:/libs/Box2D-master/Box2D/glfw/monitor.c">
         <Option target="glfw"/>
      </Unit>
      <Unit filename="E:/libs/Box2D-master/Box2D/glfw/time.c">
         <Option target="glfw"/>
      </Unit>
      <Unit filename="E:/libs/Box2D-master/Box2D/glfw/wgl_context.c">
         <Option target="glfw"/>
      </Unit>
      <Unit filename="E:/libs/Box2D-master/Box2D/glfw/wgl_platform.h">
         <Option target="glfw"/>
      </Unit>
      <Unit filename="E:/libs/Box2D-master/Box2D/glfw/wglext.h">
         <Option target="glfw"/>
      </Unit>
      <Unit filename="E:/libs/Box2D-master/Box2D/glfw/win32_clipboard.c">
         <Option target="glfw"/>
      </Unit>
      <Unit filename="E:/libs/Box2D-master/Box2D/glfw/win32_gamma.c">
         <Option target="glfw"/>
      </Unit>
      <Unit filename="E:/libs/Box2D-master/Box2D/glfw/win32_init.c">
         <Option target="glfw"/>
      </Unit>
      <Unit filename="E:/libs/Box2D-master/Box2D/glfw/win32_joystick.c">
         <Option target="glfw"/>
      </Unit>
      <Unit filename="E:/libs/Box2D-master/Box2D/glfw/win32_monitor.c">
         <Option target="glfw"/>
      </Unit>
      <Unit filename="E:/libs/Box2D-master/Box2D/glfw/win32_platform.h">
         <Option target="glfw"/>
      </Unit>
      <Unit filename="E:/libs/Box2D-master/Box2D/glfw/win32_time.c">
         <Option target="glfw"/>
      </Unit>
      <Unit filename="E:/libs/Box2D-master/Box2D/glfw/win32_window.c">
         <Option target="glfw"/>
      </Unit>
      <Unit filename="E:/libs/Box2D-master/Box2D/glfw/window.c">
         <Option target="glfw"/>
      </Unit>
      <Unit filename="E:/libs/Box2D-master/Box2D/CMakeLists.txt">
          <Option virtualFolder="CMake Files\" />
      </Unit>
      <Unit filename="E:/libs/Box2D-master/Box2D/Box2D/CMakeLists.txt">
          <Option virtualFolder="CMake Files\Box2D\" />
      </Unit>
      <Unit filename="E:/libs/Box2D-master/Box2D/HelloWorld/CMakeLists.txt">
          <Option virtualFolder="CMake Files\HelloWorld\" />
      </Unit>
      <Unit filename="E:/libs/Box2D-master/Box2D/glew/CMakeLists.txt">
          <Option virtualFolder="CMake Files\glew\" />
      </Unit>
      <Unit filename="E:/libs/Box2D-master/Box2D/glfw/CMakeLists.txt">
          <Option virtualFolder="CMake Files\glfw\" />
      </Unit>
      <Unit filename="E:/libs/Box2D-master/Box2D/Testbed/CMakeLists.txt">
          <Option virtualFolder="CMake Files\Testbed\" />
      </Unit>
   </Project>
</CodeBlocks_project_file>
